
Microsoft Visual Studio Solution File, Format Version 12.00
# Visual Studio Version 17
VisualStudioVersion = 17.11.35303.130
MinimumVisualStudioVersion = 10.0.40219.1
Project("{2150E333-8FDC-42A3-9474-1A3956D46DE8}") = "Task0", "Task0", "{6C4BC26F-0164-4528-9B84-3DCD862794F5}"
EndProject
Project("{FAE04EC0-301F-11D3-BF4B-00C04F79EFBC}") = "Tyuiu.GrabinaSA.Sprint5.Task0.V12", "Tyuiu.GrabinaSA.Sprint5.Task0.V12\Tyuiu.GrabinaSA.Sprint5.Task0.V12.csproj", "{FEAB8B4A-37E1-4740-87E3-344055772211}"
EndProject
Project("{FAE04EC0-301F-11D3-BF4B-00C04F79EFBC}") = "Tyuiu.GrabinaSA.Sprint5.Task0.V12.Lib", "Tyuiu.GrabinaSA.Sprint5.Task0.V12.Lib\Tyuiu.GrabinaSA.Sprint5.Task0.V12.Lib.csproj", "{DB5DA358-CE0C-4CDA-822C-50F52BF26EB1}"
EndProject
Project("{FAE04EC0-301F-11D3-BF4B-00C04F79EFBC}") = "Tyuiu.GrabinaSA.Sprint5.Task0.V12.Test", "Tyuiu.GrabinaSA.Sprint5.Task0.V12.Test\Tyuiu.GrabinaSA.Sprint5.Task0.V12.Test.csproj", "{1E6E1AD7-6614-4AC7-936E-EA1C900573E7}"
EndProject
Project("{2150E333-8FDC-42A3-9474-1A3956D46DE8}") = "Task1", "Task1", "{264D1E06-E875-4902-B3A5-87CCE273EF22}"
EndProject
Project("{FAE04EC0-301F-11D3-BF4B-00C04F79EFBC}") = "Tyuiu.GrabinaSA.Sprint5.Task1.V9", "Tyuiu.GrabinaSA.Sprint5.Task1.V9\Tyuiu.GrabinaSA.Sprint5.Task1.V9.csproj", "{BF59B9BD-6575-4A09-BB13-B5C021921984}"
EndProject
Project("{FAE04EC0-301F-11D3-BF4B-00C04F79EFBC}") = "Tyuiu.GrabinaSA.Sprint5.Task1.V9.Lib", "Tyuiu.GrabinaSA.Sprint5.Task1.V9.Lib\Tyuiu.GrabinaSA.Sprint5.Task1.V9.Lib.csproj", "{99A421E0-5F3F-408D-9A1F-AE40C3076A65}"
EndProject
Project("{FAE04EC0-301F-11D3-BF4B-00C04F79EFBC}") = "Tyuiu.GrabinaSA.Sprint5.Task1.V9.Test", "Tyuiu.GrabinaSA.Sprint5.Task1.V9.Test\Tyuiu.GrabinaSA.Sprint5.Task1.V9.Test.csproj", "{727471AC-9F1C-402E-86E2-9FDDFAC4DADC}"
EndProject
Project("{2150E333-8FDC-42A3-9474-1A3956D46DE8}") = "Task2", "Task2", "{8273FA4F-C5DB-404E-B589-47BC8E7DD918}"
EndProject
Project("{FAE04EC0-301F-11D3-BF4B-00C04F79EFBC}") = "Tyuiu.GrabinaSA.Sprint5.Task2.V29", "Tyuiu.GrabinaSA.Sprint5.Task2.V29\Tyuiu.GrabinaSA.Sprint5.Task2.V29.csproj", "{6EC34710-3223-4605-AED9-0E90B1BFCE88}"
EndProject
Project("{FAE04EC0-301F-11D3-BF4B-00C04F79EFBC}") = "Tyuiu.GrabinaSA.Sprint5.Task2.V29.Lib", "Tyuiu.GrabinaSA.Sprint5.Task2.V29.Lib\Tyuiu.GrabinaSA.Sprint5.Task2.V29.Lib.csproj", "{0567318C-FCE1-4EE9-82B6-C78BC0EB9CC0}"
EndProject
Project("{FAE04EC0-301F-11D3-BF4B-00C04F79EFBC}") = "Tyuiu.GrabinaSA.Sprint5.Task2.V29.Test", "Tyuiu.GrabinaSA.Sprint5.Task2.V29.Test\Tyuiu.GrabinaSA.Sprint5.Task2.V29.Test.csproj", "{EE40065E-328B-4586-814E-20C0F325E228}"
EndProject
Project("{2150E333-8FDC-42A3-9474-1A3956D46DE8}") = "Task3", "Task3", "{96A2535B-6224-44A7-97B6-BB7784693A59}"
EndProject
Project("{FAE04EC0-301F-11D3-BF4B-00C04F79EFBC}") = "Tyuiu.GrabinaSA.Sprint5.Task3.V29", "Tyuiu.GrabinaSA.Sprint5.Task3.V29\Tyuiu.GrabinaSA.Sprint5.Task3.V29.csproj", "{41177460-C833-4A03-9EBA-16CF710E5729}"
EndProject
Project("{FAE04EC0-301F-11D3-BF4B-00C04F79EFBC}") = "Tyuiu.GrabinaSA.Sprint5.Task3.V29.Lib", "Tyuiu.GrabinaSA.Sprint5.Task3.V29.Lib\Tyuiu.GrabinaSA.Sprint5.Task3.V29.Lib.csproj", "{10FAA00F-A3D8-49CB-A80F-854267A84708}"
EndProject
Project("{FAE04EC0-301F-11D3-BF4B-00C04F79EFBC}") = "Tyuiu.GrabinaSA.Sprint5.Task3.V29.Test", "Tyuiu.GrabinaSA.Sprint5.Task3.V29.Test\Tyuiu.GrabinaSA.Sprint5.Task3.V29.Test.csproj", "{9AD6367E-CE75-49B0-B6A1-C1983E8FFC23}"
EndProject
Global
	GlobalSection(SolutionConfigurationPlatforms) = preSolution
		Debug|Any CPU = Debug|Any CPU
		Release|Any CPU = Release|Any CPU
	EndGlobalSection
	GlobalSection(ProjectConfigurationPlatforms) = postSolution
		{FEAB8B4A-37E1-4740-87E3-344055772211}.Debug|Any CPU.ActiveCfg = Debug|Any CPU
		{FEAB8B4A-37E1-4740-87E3-344055772211}.Debug|Any CPU.Build.0 = Debug|Any CPU
		{FEAB8B4A-37E1-4740-87E3-344055772211}.Release|Any CPU.ActiveCfg = Release|Any CPU
		{FEAB8B4A-37E1-4740-87E3-344055772211}.Release|Any CPU.Build.0 = Release|Any CPU
		{DB5DA358-CE0C-4CDA-822C-50F52BF26EB1}.Debug|Any CPU.ActiveCfg = Debug|Any CPU
		{DB5DA358-CE0C-4CDA-822C-50F52BF26EB1}.Debug|Any CPU.Build.0 = Debug|Any CPU
		{DB5DA358-CE0C-4CDA-822C-50F52BF26EB1}.Release|Any CPU.ActiveCfg = Release|Any CPU
		{DB5DA358-CE0C-4CDA-822C-50F52BF26EB1}.Release|Any CPU.Build.0 = Release|Any CPU
		{1E6E1AD7-6614-4AC7-936E-EA1C900573E7}.Debug|Any CPU.ActiveCfg = Debug|Any CPU
		{1E6E1AD7-6614-4AC7-936E-EA1C900573E7}.Debug|Any CPU.Build.0 = Debug|Any CPU
		{1E6E1AD7-6614-4AC7-936E-EA1C900573E7}.Release|Any CPU.ActiveCfg = Release|Any CPU
		{1E6E1AD7-6614-4AC7-936E-EA1C900573E7}.Release|Any CPU.Build.0 = Release|Any CPU
		{BF59B9BD-6575-4A09-BB13-B5C021921984}.Debug|Any CPU.ActiveCfg = Debug|Any CPU
		{BF59B9BD-6575-4A09-BB13-B5C021921984}.Debug|Any CPU.Build.0 = Debug|Any CPU
		{BF59B9BD-6575-4A09-BB13-B5C021921984}.Release|Any CPU.ActiveCfg = Release|Any CPU
		{BF59B9BD-6575-4A09-BB13-B5C021921984}.Release|Any CPU.Build.0 = Release|Any CPU
		{99A421E0-5F3F-408D-9A1F-AE40C3076A65}.Debug|Any CPU.ActiveCfg = Debug|Any CPU
		{99A421E0-5F3F-408D-9A1F-AE40C3076A65}.Debug|Any CPU.Build.0 = Debug|Any CPU
		{99A421E0-5F3F-408D-9A1F-AE40C3076A65}.Release|Any CPU.ActiveCfg = Release|Any CPU
		{99A421E0-5F3F-408D-9A1F-AE40C3076A65}.Release|Any CPU.Build.0 = Release|Any CPU
		{727471AC-9F1C-402E-86E2-9FDDFAC4DADC}.Debug|Any CPU.ActiveCfg = Debug|Any CPU
		{727471AC-9F1C-402E-86E2-9FDDFAC4DADC}.Debug|Any CPU.Build.0 = Debug|Any CPU
		{727471AC-9F1C-402E-86E2-9FDDFAC4DADC}.Release|Any CPU.ActiveCfg = Release|Any CPU
		{727471AC-9F1C-402E-86E2-9FDDFAC4DADC}.Release|Any CPU.Build.0 = Release|Any CPU
		{6EC34710-3223-4605-AED9-0E90B1BFCE88}.Debug|Any CPU.ActiveCfg = Debug|Any CPU
		{6EC34710-3223-4605-AED9-0E90B1BFCE88}.Debug|Any CPU.Build.0 = Debug|Any CPU
		{6EC34710-3223-4605-AED9-0E90B1BFCE88}.Release|Any CPU.ActiveCfg = Release|Any CPU
		{6EC34710-3223-4605-AED9-0E90B1BFCE88}.Release|Any CPU.Build.0 = Release|Any CPU
		{0567318C-FCE1-4EE9-82B6-C78BC0EB9CC0}.Debug|Any CPU.ActiveCfg = Debug|Any CPU
		{0567318C-FCE1-4EE9-82B6-C78BC0EB9CC0}.Debug|Any CPU.Build.0 = Debug|Any CPU
		{0567318C-FCE1-4EE9-82B6-C78BC0EB9CC0}.Release|Any CPU.ActiveCfg = Release|Any CPU
		{0567318C-FCE1-4EE9-82B6-C78BC0EB9CC0}.Release|Any CPU.Build.0 = Release|Any CPU
		{EE40065E-328B-4586-814E-20C0F325E228}.Debug|Any CPU.ActiveCfg = Debug|Any CPU
		{EE40065E-328B-4586-814E-20C0F325E228}.Debug|Any CPU.Build.0 = Debug|Any CPU
		{EE40065E-328B-4586-814E-20C0F325E228}.Release|Any CPU.ActiveCfg = Release|Any CPU
		{EE40065E-328B-4586-814E-20C0F325E228}.Release|Any CPU.Build.0 = Release|Any CPU
		{41177460-C833-4A03-9EBA-16CF710E5729}.Debug|Any CPU.ActiveCfg = Debug|Any CPU
		{41177460-C833-4A03-9EBA-16CF710E5729}.Debug|Any CPU.Build.0 = Debug|Any CPU
		{41177460-C833-4A03-9EBA-16CF710E5729}.Release|Any CPU.ActiveCfg = Release|Any CPU
		{41177460-C833-4A03-9EBA-16CF710E5729}.Release|Any CPU.Build.0 = Release|Any CPU
		{10FAA00F-A3D8-49CB-A80F-854267A84708}.Debug|Any CPU.ActiveCfg = Debug|Any CPU
		{10FAA00F-A3D8-49CB-A80F-854267A84708}.Debug|Any CPU.Build.0 = Debug|Any CPU
		{10FAA00F-A3D8-49CB-A80F-854267A84708}.Release|Any CPU.ActiveCfg = Release|Any CPU
		{10FAA00F-A3D8-49CB-A80F-854267A84708}.Release|Any CPU.Build.0 = Release|Any CPU
		{9AD6367E-CE75-49B0-B6A1-C1983E8FFC23}.Debug|Any CPU.ActiveCfg = Debug|Any CPU
		{9AD6367E-CE75-49B0-B6A1-C1983E8FFC23}.Debug|Any CPU.Build.0 = Debug|Any CPU
		{9AD6367E-CE75-49B0-B6A1-C1983E8FFC23}.Release|Any CPU.ActiveCfg = Release|Any CPU
		{9AD6367E-CE75-49B0-B6A1-C1983E8FFC23}.Release|Any CPU.Build.0 = Release|Any CPU
	EndGlobalSection
	GlobalSection(SolutionProperties) = preSolution
		HideSolutionNode = FALSE
	EndGlobalSection
	GlobalSection(NestedProjects) = preSolution
		{FEAB8B4A-37E1-4740-87E3-344055772211} = {6C4BC26F-0164-4528-9B84-3DCD862794F5}
		{DB5DA358-CE0C-4CDA-822C-50F52BF26EB1} = {6C4BC26F-0164-4528-9B84-3DCD862794F5}
		{1E6E1AD7-6614-4AC7-936E-EA1C900573E7} = {6C4BC26F-0164-4528-9B84-3DCD862794F5}
		{BF59B9BD-6575-4A09-BB13-B5C021921984} = {264D1E06-E875-4902-B3A5-87CCE273EF22}
		{99A421E0-5F3F-408D-9A1F-AE40C3076A65} = {264D1E06-E875-4902-B3A5-87CCE273EF22}
		{727471AC-9F1C-402E-86E2-9FDDFAC4DADC} = {264D1E06-E875-4902-B3A5-87CCE273EF22}
		{6EC34710-3223-4605-AED9-0E90B1BFCE88} = {8273FA4F-C5DB-404E-B589-47BC8E7DD918}
		{0567318C-FCE1-4EE9-82B6-C78BC0EB9CC0} = {8273FA4F-C5DB-404E-B589-47BC8E7DD918}
		{EE40065E-328B-4586-814E-20C0F325E228} = {8273FA4F-C5DB-404E-B589-47BC8E7DD918}
		{41177460-C833-4A03-9EBA-16CF710E5729} = {96A2535B-6224-44A7-97B6-BB7784693A59}
		{10FAA00F-A3D8-49CB-A80F-854267A84708} = {96A2535B-6224-44A7-97B6-BB7784693A59}
		{9AD6367E-CE75-49B0-B6A1-C1983E8FFC23} = {96A2535B-6224-44A7-97B6-BB7784693A59}
	EndGlobalSection
	GlobalSection(ExtensibilityGlobals) = postSolution
		SolutionGuid = {6FCCAB9A-F3CF-411E-A4CB-9854CF9937F3}
	EndGlobalSection
EndGlobal
